# This file was autogenerated by uv via the following command:
#    uv pip compile pyproject.toml --universal --python-version 3.12 -o requirements.lock
aiohappyeyeballs==2.7.1
    # via aiohttp
aiohttp==3.14.3
    # via kubernetes
aiosignal==1.4.0
    # via aiohttp
annotated-doc==0.0.5
    # via
    #   fastapi
    #   typer
annotated-types==0.8.0
    # via pydantic
anyio==4.15.1
    # via
    #   httpx
    #   httpx2
    #   langsmith
    #   openai
    #   starlette
    #   watchfiles
attrs==26.1.0
    # via
    #   aiohttp
    #   jsonschema
    #   referencing
bcrypt==5.0.0
    # via chromadb
boto3==1.43.105
    # via
    #   fin-docintel (pyproject.toml)
    #   langchain-aws
botocore==1.43.105
    # via
    #   boto3
    #   s3transfer
build==1.6.1
    # via chromadb
certifi==2026.7.22
    # via
    #   httpcore
    #   httpx
    #   kubernetes
    #   langchain-openai
    #   requests
charset-normalizer==3.5.2
    # via requests
chromadb==1.5.9
    # via fin-docintel (pyproject.toml)
click==8.5.0
    # via
    #   huggingface-hub
    #   uvicorn
colorama==0.4.6 ; os_name == 'nt' or sys_platform == 'win32'
    # via
    #   build
    #   tqdm
    #   typer
distro==1.9.0
    # via
    #   langsmith
    #   openai
durationpy==0.11
    # via kubernetes
fastapi==0.142.2
    # via fin-docintel (pyproject.toml)
filelock==4.0.7
    # via huggingface-hub
flatbuffers==25.12.19
    # via onnxruntime
frozenlist==1.8.0
    # via
    #   aiohttp
    #   aiosignal
fsspec==2026.9.0
    # via huggingface-hub
googleapis-common-protos==1.75.5
    # via opentelemetry-exporter-otlp-proto-grpc
greenlet==3.5.6 ; platform_machine == 'AMD64' or platform_machine == 'WIN32' or platform_machine == 'aarch64' or platform_machine == 'amd64' or platform_machine == 'ppc64le' or platform_machine == 'win32' or platform_machine == 'x86_64'
    # via sqlalchemy
grpcio==1.84.0
    # via
    #   chromadb
    #   opentelemetry-exporter-otlp-proto-grpc
h11==0.16.0
    # via
    #   httpcore
    #   httpcore2
    #   uvicorn
hf-xet==1.6.0 ; platform_machine == 'AMD64' or platform_machine == 'aarch64' or platform_machine == 'amd64' or platform_machine == 'arm64' or platform_machine == 'x86_64'
    # via huggingface-hub
httpcore==1.0.9
    # via httpx
httpcore2==2.13.1 ; sys_platform != 'emscripten'
    # via httpx2
httptools==0.8.0
    # via uvicorn
httpx==0.28.1
    # via
    #   fin-docintel (pyproject.toml)
    #   chromadb
    #   huggingface-hub
    #   langchain-core
    #   openai
httpx2==2.13.1
    # via langsmith
httpx2-jsfetch==1.0 ; sys_platform == 'emscripten'
    # via httpx2
huggingface-hub==1.33.0
    # via tokenizers
idna==3.20
    # via
    #   anyio
    #   httpx
    #   httpx2
    #   requests
    #   yarl
importlib-resources==7.1.0
    # via chromadb
jiter==0.17.0
    # via openai
jmespath==1.1.0
    # via
    #   boto3
    #   botocore
jsonpatch==1.33
    # via langchain-core
jsonpointer==3.1.1
    # via jsonpatch
jsonschema==4.26.0
    # via chromadb
jsonschema-specifications==2025.9.1
    # via jsonschema
kubernetes==36.0.3
    # via chromadb
langchain-aws==1.8.0
    # via fin-docintel (pyproject.toml)
langchain-core==1.6.6
    # via
    #   fin-docintel (pyproject.toml)
    #   langchain-aws
    #   langchain-openai
    #   langchain-text-splitters
langchain-openai==1.6.7
    # via fin-docintel (pyproject.toml)
langchain-protocol==0.0.19
    # via langchain-core
langchain-text-splitters==1.1.3
    # via fin-docintel (pyproject.toml)
langsmith==0.14.1
    # via langchain-core
markdown-it-py==4.2.0
    # via rich
mdurl==0.1.2
    # via markdown-it-py
mmh3==5.3.0
    # via chromadb
multidict==6.9.1
    # via
    #   aiohttp
    #   yarl
numpy==2.5.3
    # via
    #   chromadb
    #   langchain-aws
    #   onnxruntime
oauthlib==4.0.0
    # via requests-oauthlib
onnxruntime==1.30.0
    # via chromadb
openai==2.54.0
    # via langchain-openai
opentelemetry-api==1.45.0
    # via
    #   fin-docintel (pyproject.toml)
    #   chromadb
    #   fastapi
    #   opentelemetry-exporter-otlp-proto-grpc
    #   opentelemetry-sdk
    #   opentelemetry-semantic-conventions
opentelemetry-exporter-otlp-common==0.66b0
    # via opentelemetry-exporter-otlp-proto-grpc
opentelemetry-exporter-otlp-proto-common==1.45.0
    # via opentelemetry-exporter-otlp-proto-grpc
opentelemetry-exporter-otlp-proto-grpc==1.45.0
    # via chromadb
opentelemetry-proto==1.45.0
    # via
    #   opentelemetry-exporter-otlp-proto-common
    #   opentelemetry-exporter-otlp-proto-grpc
opentelemetry-sdk==1.45.0
    # via
    #   fin-docintel (pyproject.toml)
    #   chromadb
    #   opentelemetry-exporter-otlp-common
    #   opentelemetry-exporter-otlp-proto-grpc
opentelemetry-semantic-conventions==0.66b0
    # via opentelemetry-sdk
orjson==3.12.0
    # via
    #   chromadb
    #   langsmith
overrides==7.7.0
    # via chromadb
packaging==25.0
    # via
    #   build
    #   huggingface-hub
    #   langchain-core
    #   langsmith
    #   onnxruntime
    #   pytesseract
pillow==12.3.0
    # via
    #   fin-docintel (pyproject.toml)
    #   pytesseract
propcache==0.5.4
    # via
    #   aiohttp
    #   yarl
protobuf==7.36.2
    # via
    #   googleapis-common-protos
    #   onnxruntime
    #   opentelemetry-proto
pybase64==1.5.0
    # via chromadb
pydantic==2.13.5
    # via
    #   fin-docintel (pyproject.toml)
    #   chromadb
    #   fastapi
    #   langchain-aws
    #   langchain-core
    #   langsmith
    #   openai
    #   pydantic-settings
pydantic-core==2.46.5
    # via pydantic
pydantic-settings==2.15.0
    # via
    #   fin-docintel (pyproject.toml)
    #   chromadb
pygments==2.21.0
    # via rich
pypdf==6.19.0
    # via fin-docintel (pyproject.toml)
pypdfium2==5.13.0
    # via fin-docintel (pyproject.toml)
pypika==0.51.1
    # via chromadb
pyproject-hooks==1.3.3
    # via build
pytesseract==0.3.13
    # via fin-docintel (pyproject.toml)
python-dateutil==2.9.0.post0
    # via
    #   botocore
    #   kubernetes
python-dotenv==1.2.3
    # via
    #   pydantic-settings
    #   uvicorn
python-multipart==0.0.32
    # via fin-docintel (pyproject.toml)
pyyaml==6.0.3
    # via
    #   fin-docintel (pyproject.toml)
    #   chromadb
    #   huggingface-hub
    #   kubernetes
    #   langchain-core
    #   uvicorn
referencing==0.37.0
    # via
    #   jsonschema
    #   jsonschema-specifications
regex==2026.9.29
    # via tiktoken
requests==2.34.2
    # via
    #   kubernetes
    #   langsmith
    #   requests-oauthlib
    #   requests-toolbelt
    #   tiktoken
requests-oauthlib==2.0.0
    # via kubernetes
requests-toolbelt==1.0.0
    # via langsmith
rich==15.0.0
    # via
    #   chromadb
    #   typer
rpds-py==2026.6.3
    # via
    #   jsonschema
    #   referencing
s3transfer==0.19.2
    # via boto3
shellingham==1.5.4
    # via typer
six==1.17.0
    # via
    #   kubernetes
    #   python-dateutil
sniffio==1.3.1
    # via
    #   langsmith
    #   openai
sqlalchemy==2.0.54
    # via fin-docintel (pyproject.toml)
starlette==1.7.0
    # via fastapi
tenacity==9.1.4
    # via
    #   chromadb
    #   langchain-core
tiktoken==0.14.0
    # via langchain-openai
tokenizers==0.23.2
    # via chromadb
tqdm==4.70.1
    # via
    #   chromadb
    #   huggingface-hub
    #   openai
truststore==0.10.4 ; sys_platform != 'emscripten'
    # via
    #   httpcore2
    #   httpx2
typer==0.27.2
    # via chromadb
typing-extensions==4.16.0
    # via
    #   aiohttp
    #   aiosignal
    #   anyio
    #   chromadb
    #   fastapi
    #   grpcio
    #   httpx2
    #   huggingface-hub
    #   langchain-core
    #   langchain-protocol
    #   langsmith
    #   openai
    #   opentelemetry-api
    #   opentelemetry-exporter-otlp-proto-grpc
    #   opentelemetry-sdk
    #   opentelemetry-semantic-conventions
    #   pydantic
    #   pydantic-core
    #   referencing
    #   sqlalchemy
    #   starlette
    #   typing-inspection
typing-inspection==0.4.4
    # via
    #   fastapi
    #   pydantic
    #   pydantic-settings
urllib3==2.8.0
    # via
    #   botocore
    #   kubernetes
    #   requests
uuid-utils==0.17.1
    # via
    #   langchain-core
    #   langsmith
uvicorn==0.54.0
    # via
    #   fin-docintel (pyproject.toml)
    #   chromadb
uvloop==0.22.1 ; platform_python_implementation != 'PyPy' and sys_platform != 'cygwin' and sys_platform != 'win32'
    # via uvicorn
watchfiles==1.3.0
    # via uvicorn
websocket-client==1.9.2
    # via kubernetes
websockets==17.1
    # via
    #   langsmith
    #   uvicorn
xxhash==4.0.1
    # via langsmith
yarl==1.25.1
    # via aiohttp
zstandard==0.25.0
    # via langsmith
